
Microsoft Visual Studio Solution File, Format Version 12.00
# Visual Studio Version 17
VisualStudioVersion = 17.14.36518.9 d17.14
MinimumVisualStudioVersion = 10.0.40219.1
Project("{8BC9CEB8-8B4A-11D0-8D11-00A0C91BC942}") = "TryingMyBest", "TryingMyBest.vcxproj", "{F6206A91-E574-4B45-B583-9814244DB87C}"
EndProject
Global
	GlobalSection(SolutionConfigurationPlatforms) = preSolution
		Debug|x64 = Debug|x64
		Debug|x86 = Debug|x86
		Release|x64 = Release|x64
		Release|x86 = Release|x86
	EndGlobalSection
	GlobalSection(ProjectConfigurationPlatforms) = postSolution
		{F6206A91-E574-4B45-B583-9814244DB87C}.Debug|x64.ActiveCfg = Debug|x64
		{F6206A91-E574-4B45-B583-9814244DB87C}.Debug|x64.Build.0 = Debug|x64
		{F6206A91-E574-4B45-B583-9814244DB87C}.Debug|x86.ActiveCfg = Debug|Win32
		{F6206A91-E574-4B45-B583-9814244DB87C}.Debug|x86.Build.0 = Debug|Win32
		{F6206A91-E574-4B45-B583-9814244DB87C}.Release|x64.ActiveCfg = Release|x64
		{F6206A91-E574-4B45-B583-9814244DB87C}.Release|x64.Build.0 = Release|x64
		{F6206A91-E574-4B45-B583-9814244DB87C}.Release|x86.ActiveCfg = Release|Win32
		{F6206A91-E574-4B45-B583-9814244DB87C}.Release|x86.Build.0 = Release|Win32
	EndGlobalSection
	GlobalSection(SolutionProperties) = preSolution
		HideSolutionNode = FALSE
	EndGlobalSection
	GlobalSection(ExtensibilityGlobals) = postSolution
		SolutionGuid = {CF67893D-99D2-4858-B194-845F07D349AF}
	EndGlobalSection
EndGlobal
